
Microsoft Visual Studio Solution File, Format Version 12.00
# Visual Studio Version 17
VisualStudioVersion = 17.0.31903.59
MinimumVisualStudioVersion = 10.0.40219.1
Project("{FAE04EC0-301F-11D3-BF4B-00C04F79EFBC}") = "Uphbt.Api", "Uphbt.Api\Uphbt.Api.csproj", "{F3EC6A2A-5A20-4C16-806A-A13A105E0692}"
EndProject
Project("{FAE04EC0-301F-11D3-BF4B-00C04F79EFBC}") = "Uphbt.Services", "Uphbt.Services\Uphbt.Services.csproj", "{56CDFF64-841E-461C-B7C0-577245DA13CF}"
EndProject
Project("{FAE04EC0-301F-11D3-BF4B-00C04F79EFBC}") = "Uphbt.Data", "Uphbt.Data\Uphbt.Data.csproj", "{4F898295-2A2F-4491-8B3B-55E27A7406E2}"
EndProject
Project("{FAE04EC0-301F-11D3-BF4B-00C04F79EFBC}") = "Uphbt.Domain", "Uphbt.Domain\Uphbt.Domain.csproj", "{DCA6B879-A24B-4666-8474-1169601F3E9B}"
EndProject
Project("{FAE04EC0-301F-11D3-BF4B-00C04F79EFBC}") = "Uphbt.Contracts", "Uphbt.Contracts\Uphbt.Contracts.csproj", "{26EB8BDE-0540-4D47-BDFC-0ACD8E0FAD05}"
EndProject
Global
	GlobalSection(SolutionConfigurationPlatforms) = preSolution
		Debug|Any CPU = Debug|Any CPU
		Debug|x64 = Debug|x64
		Debug|x86 = Debug|x86
		Release|Any CPU = Release|Any CPU
		Release|x64 = Release|x64
		Release|x86 = Release|x86
	EndGlobalSection
	GlobalSection(ProjectConfigurationPlatforms) = postSolution
		{F3EC6A2A-5A20-4C16-806A-A13A105E0692}.Debug|Any CPU.ActiveCfg = Debug|Any CPU
		{F3EC6A2A-5A20-4C16-806A-A13A105E0692}.Debug|Any CPU.Build.0 = Debug|Any CPU
		{F3EC6A2A-5A20-4C16-806A-A13A105E0692}.Debug|x64.ActiveCfg = Debug|Any CPU
		{F3EC6A2A-5A20-4C16-806A-A13A105E0692}.Debug|x64.Build.0 = Debug|Any CPU
		{F3EC6A2A-5A20-4C16-806A-A13A105E0692}.Debug|x86.ActiveCfg = Debug|Any CPU
		{F3EC6A2A-5A20-4C16-806A-A13A105E0692}.Debug|x86.Build.0 = Debug|Any CPU
		{F3EC6A2A-5A20-4C16-806A-A13A105E0692}.Release|Any CPU.ActiveCfg = Release|Any CPU
		{F3EC6A2A-5A20-4C16-806A-A13A105E0692}.Release|Any CPU.Build.0 = Release|Any CPU
		{F3EC6A2A-5A20-4C16-806A-A13A105E0692}.Release|x64.ActiveCfg = Release|Any CPU
		{F3EC6A2A-5A20-4C16-806A-A13A105E0692}.Release|x64.Build.0 = Release|Any CPU
		{F3EC6A2A-5A20-4C16-806A-A13A105E0692}.Release|x86.ActiveCfg = Release|Any CPU
		{F3EC6A2A-5A20-4C16-806A-A13A105E0692}.Release|x86.Build.0 = Release|Any CPU
		{56CDFF64-841E-461C-B7C0-577245DA13CF}.Debug|Any CPU.ActiveCfg = Debug|Any CPU
		{56CDFF64-841E-461C-B7C0-577245DA13CF}.Debug|Any CPU.Build.0 = Debug|Any CPU
		{56CDFF64-841E-461C-B7C0-577245DA13CF}.Debug|x64.ActiveCfg = Debug|Any CPU
		{56CDFF64-841E-461C-B7C0-577245DA13CF}.Debug|x64.Build.0 = Debug|Any CPU
		{56CDFF64-841E-461C-B7C0-577245DA13CF}.Debug|x86.ActiveCfg = Debug|Any CPU
		{56CDFF64-841E-461C-B7C0-577245DA13CF}.Debug|x86.Build.0 = Debug|Any CPU
		{56CDFF64-841E-461C-B7C0-577245DA13CF}.Release|Any CPU.ActiveCfg = Release|Any CPU
		{56CDFF64-841E-461C-B7C0-577245DA13CF}.Release|Any CPU.Build.0 = Release|Any CPU
		{56CDFF64-841E-461C-B7C0-577245DA13CF}.Release|x64.ActiveCfg = Release|Any CPU
		{56CDFF64-841E-461C-B7C0-577245DA13CF}.Release|x64.Build.0 = Release|Any CPU
		{56CDFF64-841E-461C-B7C0-577245DA13CF}.Release|x86.ActiveCfg = Release|Any CPU
		{56CDFF64-841E-461C-B7C0-577245DA13CF}.Release|x86.Build.0 = Release|Any CPU
		{4F898295-2A2F-4491-8B3B-55E27A7406E2}.Debug|Any CPU.ActiveCfg = Debug|Any CPU
		{4F898295-2A2F-4491-8B3B-55E27A7406E2}.Debug|Any CPU.Build.0 = Debug|Any CPU
		{4F898295-2A2F-4491-8B3B-55E27A7406E2}.Debug|x64.ActiveCfg = Debug|Any CPU
		{4F898295-2A2F-4491-8B3B-55E27A7406E2}.Debug|x64.Build.0 = Debug|Any CPU
		{4F898295-2A2F-4491-8B3B-55E27A7406E2}.Debug|x86.ActiveCfg = Debug|Any CPU
		{4F898295-2A2F-4491-8B3B-55E27A7406E2}.Debug|x86.Build.0 = Debug|Any CPU
		{4F898295-2A2F-4491-8B3B-55E27A7406E2}.Release|Any CPU.ActiveCfg = Release|Any CPU
		{4F898295-2A2F-4491-8B3B-55E27A7406E2}.Release|Any CPU.Build.0 = Release|Any CPU
		{4F898295-2A2F-4491-8B3B-55E27A7406E2}.Release|x64.ActiveCfg = Release|Any CPU
		{4F898295-2A2F-4491-8B3B-55E27A7406E2}.Release|x64.Build.0 = Release|Any CPU
		{4F898295-2A2F-4491-8B3B-55E27A7406E2}.Release|x86.ActiveCfg = Release|Any CPU
		{4F898295-2A2F-4491-8B3B-55E27A7406E2}.Release|x86.Build.0 = Release|Any CPU
		{DCA6B879-A24B-4666-8474-1169601F3E9B}.Debug|Any CPU.ActiveCfg = Debug|Any CPU
		{DCA6B879-A24B-4666-8474-1169601F3E9B}.Debug|Any CPU.Build.0 = Debug|Any CPU
		{DCA6B879-A24B-4666-8474-1169601F3E9B}.Debug|x64.ActiveCfg = Debug|Any CPU
		{DCA6B879-A24B-4666-8474-1169601F3E9B}.Debug|x64.Build.0 = Debug|Any CPU
		{DCA6B879-A24B-4666-8474-1169601F3E9B}.Debug|x86.ActiveCfg = Debug|Any CPU
		{DCA6B879-A24B-4666-8474-1169601F3E9B}.Debug|x86.Build.0 = Debug|Any CPU
		{DCA6B879-A24B-4666-8474-1169601F3E9B}.Release|Any CPU.ActiveCfg = Release|Any CPU
		{DCA6B879-A24B-4666-8474-1169601F3E9B}.Release|Any CPU.Build.0 = Release|Any CPU
		{DCA6B879-A24B-4666-8474-1169601F3E9B}.Release|x64.ActiveCfg = Release|Any CPU
		{DCA6B879-A24B-4666-8474-1169601F3E9B}.Release|x64.Build.0 = Release|Any CPU
		{DCA6B879-A24B-4666-8474-1169601F3E9B}.Release|x86.ActiveCfg = Release|Any CPU
		{DCA6B879-A24B-4666-8474-1169601F3E9B}.Release|x86.Build.0 = Release|Any CPU
		{26EB8BDE-0540-4D47-BDFC-0ACD8E0FAD05}.Debug|Any CPU.ActiveCfg = Debug|Any CPU
		{26EB8BDE-0540-4D47-BDFC-0ACD8E0FAD05}.Debug|Any CPU.Build.0 = Debug|Any CPU
		{26EB8BDE-0540-4D47-BDFC-0ACD8E0FAD05}.Debug|x64.ActiveCfg = Debug|Any CPU
		{26EB8BDE-0540-4D47-BDFC-0ACD8E0FAD05}.Debug|x64.Build.0 = Debug|Any CPU
		{26EB8BDE-0540-4D47-BDFC-0ACD8E0FAD05}.Debug|x86.ActiveCfg = Debug|Any CPU
		{26EB8BDE-0540-4D47-BDFC-0ACD8E0FAD05}.Debug|x86.Build.0 = Debug|Any CPU
		{26EB8BDE-0540-4D47-BDFC-0ACD8E0FAD05}.Release|Any CPU.ActiveCfg = Release|Any CPU
		{26EB8BDE-0540-4D47-BDFC-0ACD8E0FAD05}.Release|Any CPU.Build.0 = Release|Any CPU
		{26EB8BDE-0540-4D47-BDFC-0ACD8E0FAD05}.Release|x64.ActiveCfg = Release|Any CPU
		{26EB8BDE-0540-4D47-BDFC-0ACD8E0FAD05}.Release|x64.Build.0 = Release|Any CPU
		{26EB8BDE-0540-4D47-BDFC-0ACD8E0FAD05}.Release|x86.ActiveCfg = Release|Any CPU
		{26EB8BDE-0540-4D47-BDFC-0ACD8E0FAD05}.Release|x86.Build.0 = Release|Any CPU
	EndGlobalSection
	GlobalSection(SolutionProperties) = preSolution
		HideSolutionNode = FALSE
	EndGlobalSection
EndGlobal
